
Microsoft Visual Studio Solution File, Format Version 12.00
# Visual Studio Version 17
VisualStudioVersion = 17.8.34309.116
MinimumVisualStudioVersion = 10.0.40219.1
Project("{FAE04EC0-301F-11D3-BF4B-00C04F79EFBC}") = "C2000_BootLoader", "C2000_BootLoader.csproj", "{97260A39-9D78-4AF3-85A5-4226E0F37966}"
EndProject
Global
	GlobalSection(SolutionConfigurationPlatforms) = preSolution
		Debug|Any CPU = Debug|Any CPU
		Release|Any CPU = Release|Any CPU
	EndGlobalSection
	GlobalSection(ProjectConfigurationPlatforms) = postSolution
		{97260A39-9D78-4AF3-85A5-4226E0F37966}.Debug|Any CPU.ActiveCfg = Debug|Any CPU
		{97260A39-9D78-4AF3-85A5-4226E0F37966}.Debug|Any CPU.Build.0 = Debug|Any CPU
		{97260A39-9D78-4AF3-85A5-4226E0F37966}.Release|Any CPU.ActiveCfg = Release|Any CPU
		{97260A39-9D78-4AF3-85A5-4226E0F37966}.Release|Any CPU.Build.0 = Release|Any CPU
	EndGlobalSection
	GlobalSection(SolutionProperties) = preSolution
		HideSolutionNode = FALSE
	EndGlobalSection
	GlobalSection(ExtensibilityGlobals) = postSolution
		SolutionGuid = {C3E4C18B-1DB8-4986-BE92-093421D8EAEE}
	EndGlobalSection
EndGlobal
